{
  "version": 4,
  "terraform_version": "1.0.8",
  "serial": 11,
  "lineage": "eac4d232-c932-d204-f1bf-8e214eb3beb2",
  "outputs": {},
  "resources": [
    {
      "mode": "data",
      "type": "github_team",
      "name": "this",
      "provider": "provider[\"registry.terraform.io/integrations/github\"]",
      "instances": [
        {
          "index_key": "team_1",
          "schema_version": 0,
          "attributes": {
            "description": "",
            "id": "5367504",
            "members": [
              "hieuldt"
            ],
            "name": "team_1",
            "node_id": "T_kwDOBZXk_M4AUebQ",
            "permission": "pull",
            "privacy": "closed",
            "repositories": [],
            "slug": "team_1"
          },
          "sensitive_attributes": []
        },
        {
          "index_key": "team_2",
          "schema_version": 0,
          "attributes": {
            "description": "",
            "id": "5367505",
            "members": [
              "hieuldt"
            ],
            "name": "team_2",
            "node_id": "T_kwDOBZXk_M4AUebR",
            "permission": "pull",
            "privacy": "closed",
            "repositories": [],
            "slug": "team_2"
          },
          "sensitive_attributes": []
        }
      ]
    },
    {
      "mode": "managed",
      "type": "github_team",
      "name": "this",
      "provider": "provider[\"registry.terraform.io/integrations/github\"]",
      "instances": [
        {
          "index_key": "team_1",
          "schema_version": 0,
          "attributes": {
            "create_default_maintainer": true,
            "description": "",
            "etag": "W/\"8d5469c989db84332e609f859b25681aa6f43f1b56fd4a58c7c0afdf022a137e\"",
            "id": "5367504",
            "ldap_dn": "",
            "members_count": 1,
            "name": "team_1",
            "node_id": "T_kwDOBZXk_M4AUebQ",
            "parent_team_id": null,
            "privacy": "closed",
            "slug": "team_1"
          },
          "sensitive_attributes": [],
          "private": "bnVsbA=="
        },
        {
          "index_key": "team_2",
          "schema_version": 0,
          "attributes": {
            "create_default_maintainer": true,
            "description": "",
            "etag": "W/\"e83414e796d342abe54f5fdece1bd905c2f3df4b3fbdc13d23b757ba270b07b0\"",
            "id": "5367505",
            "ldap_dn": "",
            "members_count": 1,
            "name": "team_2",
            "node_id": "T_kwDOBZXk_M4AUebR",
            "parent_team_id": null,
            "privacy": "closed",
            "slug": "team_2"
          },
          "sensitive_attributes": [],
          "private": "bnVsbA=="
        }
      ]
    },
    {
      "mode": "managed",
      "type": "github_team_membership",
      "name": "this",
      "provider": "provider[\"registry.terraform.io/integrations/github\"]",
      "instances": [
        {
          "index_key": "team_1.user-a}",
          "schema_version": 0,
          "attributes": {
            "etag": "W/\"2688a8cc28e69a31f4b486c7c6f676cb32eff3739bbaf039e31cfd8671d294ab\"",
            "id": "5367504:user-a",
            "role": "maintainer",
            "team_id": "5367504",
            "username": "user-a"
          },
          "sensitive_attributes": [],
          "private": "bnVsbA==",
          "dependencies": [
            "data.github_team.this",
            "github_team.this"
          ]
        },
        {
          "index_key": "team_1.user-b}",
          "schema_version": 0,
          "attributes": {
            "etag": "W/\"56fea56c0d7c5b40f1373f6f082cdabf5d6cb89aa8a142ea602da0f61fed8bcb\"",
            "id": "5367504:user-b",
            "role": "maintainer",
            "team_id": "5367504",
            "username": "user-b"
          },
          "sensitive_attributes": [],
          "private": "bnVsbA==",
          "dependencies": [
            "data.github_team.this",
            "github_team.this"
          ]
        },
        {
          "index_key": "team_2.user-c}",
          "schema_version": 0,
          "attributes": {
            "etag": "W/\"e8990e0b687b290a1ecdd934b51013c6f2e1da9018e352bfd7c528f3cd7aa74a\"",
            "id": "5367505:user-c",
            "role": "maintainer",
            "team_id": "5367505",
            "username": "user-c"
          },
          "sensitive_attributes": [],
          "private": "bnVsbA==",
          "dependencies": [
            "data.github_team.this",
            "github_team.this"
          ]
        },
        {
          "index_key": "team_2.user-d}",
          "schema_version": 0,
          "attributes": {
            "etag": "W/\"9210bf283c075d6125411eac89b93c32874a521c052a4ca4a951ce115311d1b4\"",
            "id": "5367505:user-d",
            "role": "maintainer",
            "team_id": "5367505",
            "username": "user-d"
          },
          "sensitive_attributes": [],
          "private": "bnVsbA==",
          "dependencies": [
            "data.github_team.this",
            "github_team.this"
          ]
        },
        {
          "index_key": "team_2.user-e}",
          "schema_version": 0,
          "attributes": {
            "etag": "W/\"615564d4a8460a00e8ef9184c5fcedba2154580475a104c768ffcb4e576dc4c0\"",
            "id": "5367505:user-e",
            "role": "maintainer",
            "team_id": "5367505",
            "username": "user-e"
          },
          "sensitive_attributes": [],
          "private": "bnVsbA==",
          "dependencies": [
            "data.github_team.this",
            "github_team.this"
          ]
        }
      ]
    }
  ]
}
