{
  "version": 4,
  "terraform_version": "1.0.8",
  "serial": 32,
  "lineage": "37ac1278-d77b-caac-2d45-f17360e1db2c",
  "outputs": {},
  "resources": [
    {
      "mode": "managed",
      "type": "github_repository",
      "name": "list_repo_without_template",
      "provider": "provider[\"registry.terraform.io/integrations/github\"]",
      "instances": [
        {
          "index_key": "k8s-apps-microservices",
          "schema_version": 0,
          "attributes": {
            "allow_auto_merge": false,
            "allow_merge_commit": true,
            "allow_rebase_merge": true,
            "allow_squash_merge": true,
            "archive_on_destroy": null,
            "archived": false,
            "auto_init": true,
            "default_branch": "main",
            "delete_branch_on_merge": false,
            "description": "This repository is created without any template",
            "etag": "W/\"ed2205454b643c5200effa83a469dac94c05a4fbf73d061641e31e792e2847de\"",
            "full_name": "hieu-ldt/k8s-apps-microservices",
            "git_clone_url": "git://github.com/hieu-ldt/k8s-apps-microservices.git",
            "gitignore_template": null,
            "has_downloads": false,
            "has_issues": false,
            "has_projects": false,
            "has_wiki": false,
            "homepage_url": "",
            "html_url": "https://github.com/hieu-ldt/k8s-apps-microservices",
            "http_clone_url": "https://github.com/hieu-ldt/k8s-apps-microservices.git",
            "id": "k8s-apps-microservices",
            "is_template": false,
            "license_template": null,
            "name": "k8s-apps-microservices",
            "node_id": "R_kgDOGZv5vg",
            "pages": [],
            "private": false,
            "repo_id": 429652414,
            "ssh_clone_url": "git@github.com:hieu-ldt/k8s-apps-microservices.git",
            "svn_url": "https://github.com/hieu-ldt/k8s-apps-microservices",
            "template": [],
            "topics": null,
            "visibility": "public",
            "vulnerability_alerts": false
          },
          "sensitive_attributes": [],
          "private": "bnVsbA=="
        },
        {
          "index_key": "k8s-apps-platform",
          "schema_version": 0,
          "attributes": {
            "allow_auto_merge": false,
            "allow_merge_commit": true,
            "allow_rebase_merge": true,
            "allow_squash_merge": true,
            "archive_on_destroy": null,
            "archived": false,
            "auto_init": true,
            "default_branch": "main",
            "delete_branch_on_merge": false,
            "description": "This repository is created without any template",
            "etag": "W/\"074493f8d3879eb6587807f0a15a6b62decf288d9f814e9d19dca7b0470f5edc\"",
            "full_name": "hieu-ldt/k8s-apps-platform",
            "git_clone_url": "git://github.com/hieu-ldt/k8s-apps-platform.git",
            "gitignore_template": null,
            "has_downloads": false,
            "has_issues": false,
            "has_projects": false,
            "has_wiki": false,
            "homepage_url": "",
            "html_url": "https://github.com/hieu-ldt/k8s-apps-platform",
            "http_clone_url": "https://github.com/hieu-ldt/k8s-apps-platform.git",
            "id": "k8s-apps-platform",
            "is_template": false,
            "license_template": null,
            "name": "k8s-apps-platform",
            "node_id": "R_kgDOGZv5kw",
            "pages": [],
            "private": false,
            "repo_id": 429652371,
            "ssh_clone_url": "git@github.com:hieu-ldt/k8s-apps-platform.git",
            "svn_url": "https://github.com/hieu-ldt/k8s-apps-platform",
            "template": [],
            "topics": null,
            "visibility": "public",
            "vulnerability_alerts": false
          },
          "sensitive_attributes": [],
          "private": "bnVsbA=="
        },
        {
          "index_key": "kafka-ops",
          "schema_version": 0,
          "attributes": {
            "allow_auto_merge": false,
            "allow_merge_commit": true,
            "allow_rebase_merge": true,
            "allow_squash_merge": true,
            "archive_on_destroy": null,
            "archived": false,
            "auto_init": true,
            "default_branch": "main",
            "delete_branch_on_merge": false,
            "description": "This repository is created without any template",
            "etag": "W/\"098ab8030d912f16f1a19df3ec4e9c4cc4dc1d5374041a46656961d9faeffc9b\"",
            "full_name": "hieu-ldt/kafka-ops",
            "git_clone_url": "git://github.com/hieu-ldt/kafka-ops.git",
            "gitignore_template": null,
            "has_downloads": false,
            "has_issues": false,
            "has_projects": false,
            "has_wiki": false,
            "homepage_url": "",
            "html_url": "https://github.com/hieu-ldt/kafka-ops",
            "http_clone_url": "https://github.com/hieu-ldt/kafka-ops.git",
            "id": "kafka-ops",
            "is_template": false,
            "license_template": null,
            "name": "kafka-ops",
            "node_id": "R_kgDOGZv5iw",
            "pages": [],
            "private": false,
            "repo_id": 429652363,
            "ssh_clone_url": "git@github.com:hieu-ldt/kafka-ops.git",
            "svn_url": "https://github.com/hieu-ldt/kafka-ops",
            "template": [],
            "topics": null,
            "visibility": "public",
            "vulnerability_alerts": false
          },
          "sensitive_attributes": [],
          "private": "bnVsbA=="
        },
        {
          "index_key": "payment-service",
          "schema_version": 0,
          "attributes": {
            "allow_auto_merge": false,
            "allow_merge_commit": true,
            "allow_rebase_merge": true,
            "allow_squash_merge": true,
            "archive_on_destroy": null,
            "archived": false,
            "auto_init": true,
            "default_branch": "main",
            "delete_branch_on_merge": false,
            "description": "This repository is created without any template",
            "etag": "W/\"6d95d91b2719fff951032017e31d09e925376b8270c05b9d7c9c9f897d9b5d81\"",
            "full_name": "hieu-ldt/payment-service",
            "git_clone_url": "git://github.com/hieu-ldt/payment-service.git",
            "gitignore_template": null,
            "has_downloads": false,
            "has_issues": false,
            "has_projects": false,
            "has_wiki": false,
            "homepage_url": "",
            "html_url": "https://github.com/hieu-ldt/payment-service",
            "http_clone_url": "https://github.com/hieu-ldt/payment-service.git",
            "id": "payment-service",
            "is_template": false,
            "license_template": null,
            "name": "payment-service",
            "node_id": "R_kgDOGZv5cg",
            "pages": [],
            "private": false,
            "repo_id": 429652338,
            "ssh_clone_url": "git@github.com:hieu-ldt/payment-service.git",
            "svn_url": "https://github.com/hieu-ldt/payment-service",
            "template": [],
            "topics": null,
            "visibility": "public",
            "vulnerability_alerts": false
          },
          "sensitive_attributes": [],
          "private": "bnVsbA=="
        },
        {
          "index_key": "spacelift",
          "schema_version": 0,
          "attributes": {
            "allow_auto_merge": false,
            "allow_merge_commit": true,
            "allow_rebase_merge": true,
            "allow_squash_merge": true,
            "archive_on_destroy": null,
            "archived": false,
            "auto_init": true,
            "default_branch": "main",
            "delete_branch_on_merge": false,
            "description": "This repository is created without any template",
            "etag": "W/\"85a62015201d8c695cc0ab290eddcdc48b2afa46926ea903652dbdd1fbd30008\"",
            "full_name": "hieu-ldt/spacelift",
            "git_clone_url": "git://github.com/hieu-ldt/spacelift.git",
            "gitignore_template": null,
            "has_downloads": false,
            "has_issues": false,
            "has_projects": false,
            "has_wiki": false,
            "homepage_url": "",
            "html_url": "https://github.com/hieu-ldt/spacelift",
            "http_clone_url": "https://github.com/hieu-ldt/spacelift.git",
            "id": "spacelift",
            "is_template": false,
            "license_template": null,
            "name": "spacelift",
            "node_id": "R_kgDOGZv5nQ",
            "pages": [],
            "private": false,
            "repo_id": 429652381,
            "ssh_clone_url": "git@github.com:hieu-ldt/spacelift.git",
            "svn_url": "https://github.com/hieu-ldt/spacelift",
            "template": [],
            "topics": null,
            "visibility": "public",
            "vulnerability_alerts": false
          },
          "sensitive_attributes": [],
          "private": "bnVsbA=="
        },
        {
          "index_key": "terraform-dev-vpc-apps",
          "schema_version": 0,
          "attributes": {
            "allow_auto_merge": false,
            "allow_merge_commit": true,
            "allow_rebase_merge": true,
            "allow_squash_merge": true,
            "archive_on_destroy": null,
            "archived": false,
            "auto_init": true,
            "default_branch": "main",
            "delete_branch_on_merge": false,
            "description": "This repository is created without any template",
            "etag": "W/\"c83386893c4fcf3fcbfd60b9b4e2f33c9651e1202afb3843bd59b9b912c68957\"",
            "full_name": "hieu-ldt/terraform-dev-vpc-apps",
            "git_clone_url": "git://github.com/hieu-ldt/terraform-dev-vpc-apps.git",
            "gitignore_template": null,
            "has_downloads": false,
            "has_issues": false,
            "has_projects": false,
            "has_wiki": false,
            "homepage_url": "",
            "html_url": "https://github.com/hieu-ldt/terraform-dev-vpc-apps",
            "http_clone_url": "https://github.com/hieu-ldt/terraform-dev-vpc-apps.git",
            "id": "terraform-dev-vpc-apps",
            "is_template": false,
            "license_template": null,
            "name": "terraform-dev-vpc-apps",
            "node_id": "R_kgDOGZv5sQ",
            "pages": [],
            "private": false,
            "repo_id": 429652401,
            "ssh_clone_url": "git@github.com:hieu-ldt/terraform-dev-vpc-apps.git",
            "svn_url": "https://github.com/hieu-ldt/terraform-dev-vpc-apps",
            "template": [],
            "topics": null,
            "visibility": "public",
            "vulnerability_alerts": false
          },
          "sensitive_attributes": [],
          "private": "bnVsbA=="
        },
        {
          "index_key": "terraform-sandbox-vpc-apps",
          "schema_version": 0,
          "attributes": {
            "allow_auto_merge": false,
            "allow_merge_commit": true,
            "allow_rebase_merge": true,
            "allow_squash_merge": true,
            "archive_on_destroy": null,
            "archived": false,
            "auto_init": true,
            "default_branch": "main",
            "delete_branch_on_merge": false,
            "description": "This repository is created without any template",
            "etag": "W/\"527f0698ff3466868fc703bba92156521b3d39489cc6ad9d45c1f91cf0be6f97\"",
            "full_name": "hieu-ldt/terraform-sandbox-vpc-apps",
            "git_clone_url": "git://github.com/hieu-ldt/terraform-sandbox-vpc-apps.git",
            "gitignore_template": null,
            "has_downloads": false,
            "has_issues": false,
            "has_projects": false,
            "has_wiki": false,
            "homepage_url": "",
            "html_url": "https://github.com/hieu-ldt/terraform-sandbox-vpc-apps",
            "http_clone_url": "https://github.com/hieu-ldt/terraform-sandbox-vpc-apps.git",
            "id": "terraform-sandbox-vpc-apps",
            "is_template": false,
            "license_template": null,
            "name": "terraform-sandbox-vpc-apps",
            "node_id": "R_kgDOGZv5qA",
            "pages": [],
            "private": false,
            "repo_id": 429652392,
            "ssh_clone_url": "git@github.com:hieu-ldt/terraform-sandbox-vpc-apps.git",
            "svn_url": "https://github.com/hieu-ldt/terraform-sandbox-vpc-apps",
            "template": [],
            "topics": null,
            "visibility": "public",
            "vulnerability_alerts": false
          },
          "sensitive_attributes": [],
          "private": "bnVsbA=="
        },
        {
          "index_key": "terraform-skeleton-vpc-apps",
          "schema_version": 0,
          "attributes": {
            "allow_auto_merge": false,
            "allow_merge_commit": true,
            "allow_rebase_merge": true,
            "allow_squash_merge": true,
            "archive_on_destroy": null,
            "archived": false,
            "auto_init": true,
            "default_branch": "main",
            "delete_branch_on_merge": false,
            "description": "This repository is created without any template",
            "etag": "W/\"81d8af5fb713b959c4c00b7e04ed626a601765178fcee548c4e0a53160214035\"",
            "full_name": "hieu-ldt/terraform-skeleton-vpc-apps",
            "git_clone_url": "git://github.com/hieu-ldt/terraform-skeleton-vpc-apps.git",
            "gitignore_template": null,
            "has_downloads": false,
            "has_issues": false,
            "has_projects": false,
            "has_wiki": false,
            "homepage_url": "",
            "html_url": "https://github.com/hieu-ldt/terraform-skeleton-vpc-apps",
            "http_clone_url": "https://github.com/hieu-ldt/terraform-skeleton-vpc-apps.git",
            "id": "terraform-skeleton-vpc-apps",
            "is_template": false,
            "license_template": null,
            "name": "terraform-skeleton-vpc-apps",
            "node_id": "R_kgDOGZv6jQ",
            "pages": [],
            "private": false,
            "repo_id": 429652621,
            "ssh_clone_url": "git@github.com:hieu-ldt/terraform-skeleton-vpc-apps.git",
            "svn_url": "https://github.com/hieu-ldt/terraform-skeleton-vpc-apps",
            "template": [],
            "topics": null,
            "visibility": "public",
            "vulnerability_alerts": false
          },
          "sensitive_attributes": [],
          "private": "bnVsbA=="
        }
      ]
    },
    {
      "mode": "managed",
      "type": "github_repository",
      "name": "this",
      "provider": "provider[\"registry.terraform.io/integrations/github\"]",
      "instances": [
        {
          "index_key": "card-service",
          "schema_version": 0,
          "attributes": {
            "allow_auto_merge": false,
            "allow_merge_commit": true,
            "allow_rebase_merge": true,
            "allow_squash_merge": true,
            "archive_on_destroy": null,
            "archived": false,
            "auto_init": true,
            "default_branch": "main",
            "delete_branch_on_merge": true,
            "description": "This repo has been created via Github Repo Automation powered by Cloud Platform DevOps POD.",
            "etag": "W/\"3132f8f533576b67aa2dcb0e93190f00884a861d67ba2297f033a4e6aa7a8b24\"",
            "full_name": "hieu-ldt/card-service",
            "git_clone_url": "git://github.com/hieu-ldt/card-service.git",
            "gitignore_template": null,
            "has_downloads": false,
            "has_issues": false,
            "has_projects": false,
            "has_wiki": false,
            "homepage_url": "",
            "html_url": "https://github.com/hieu-ldt/card-service",
            "http_clone_url": "https://github.com/hieu-ldt/card-service.git",
            "id": "card-service",
            "is_template": false,
            "license_template": null,
            "name": "card-service",
            "node_id": "R_kgDOGZv5gA",
            "pages": [],
            "private": false,
            "repo_id": 429652352,
            "ssh_clone_url": "git@github.com:hieu-ldt/card-service.git",
            "svn_url": "https://github.com/hieu-ldt/card-service",
            "template": [
              {
                "owner": "hieu-ldt",
                "repository": "some_template"
              }
            ],
            "topics": null,
            "visibility": "public",
            "vulnerability_alerts": false
          },
          "sensitive_attributes": [],
          "private": "bnVsbA=="
        },
        {
          "index_key": "payment-proxy-management-service",
          "schema_version": 0,
          "attributes": {
            "allow_auto_merge": false,
            "allow_merge_commit": true,
            "allow_rebase_merge": true,
            "allow_squash_merge": true,
            "archive_on_destroy": null,
            "archived": false,
            "auto_init": true,
            "default_branch": "main",
            "delete_branch_on_merge": true,
            "description": "This repo has been created via Github Repo Automation powered by Cloud Platform DevOps POD.",
            "etag": "W/\"0df24616661e343dd1fb25dcd840c2252cb7480f05c3f74261c1a3fdb953e133\"",
            "full_name": "hieu-ldt/payment-proxy-management-service",
            "git_clone_url": "git://github.com/hieu-ldt/payment-proxy-management-service.git",
            "gitignore_template": null,
            "has_downloads": false,
            "has_issues": false,
            "has_projects": false,
            "has_wiki": false,
            "homepage_url": "",
            "html_url": "https://github.com/hieu-ldt/payment-proxy-management-service",
            "http_clone_url": "https://github.com/hieu-ldt/payment-proxy-management-service.git",
            "id": "payment-proxy-management-service",
            "is_template": false,
            "license_template": null,
            "name": "payment-proxy-management-service",
            "node_id": "R_kgDOGZv5aQ",
            "pages": [],
            "private": false,
            "repo_id": 429652329,
            "ssh_clone_url": "git@github.com:hieu-ldt/payment-proxy-management-service.git",
            "svn_url": "https://github.com/hieu-ldt/payment-proxy-management-service",
            "template": [
              {
                "owner": "hieu-ldt",
                "repository": "some_template"
              }
            ],
            "topics": null,
            "visibility": "public",
            "vulnerability_alerts": false
          },
          "sensitive_attributes": [],
          "private": "bnVsbA=="
        },
        {
          "index_key": "test-service",
          "schema_version": 0,
          "attributes": {
            "allow_auto_merge": false,
            "allow_merge_commit": true,
            "allow_rebase_merge": true,
            "allow_squash_merge": true,
            "archive_on_destroy": null,
            "archived": false,
            "auto_init": true,
            "default_branch": "main",
            "delete_branch_on_merge": true,
            "description": "This repo has been created via Github Repo Automation powered by Cloud Platform DevOps POD.",
            "etag": "W/\"9d0f5c47b1e202fc9916c569af1915a5afd02a594a9c2206317e00c9c49edd21\"",
            "full_name": "hieu-ldt/test-service",
            "git_clone_url": "git://github.com/hieu-ldt/test-service.git",
            "gitignore_template": null,
            "has_downloads": false,
            "has_issues": false,
            "has_projects": false,
            "has_wiki": false,
            "homepage_url": "",
            "html_url": "https://github.com/hieu-ldt/test-service",
            "http_clone_url": "https://github.com/hieu-ldt/test-service.git",
            "id": "test-service",
            "is_template": false,
            "license_template": null,
            "name": "test-service",
            "node_id": "R_kgDOGZv5eA",
            "pages": [],
            "private": false,
            "repo_id": 429652344,
            "ssh_clone_url": "git@github.com:hieu-ldt/test-service.git",
            "svn_url": "https://github.com/hieu-ldt/test-service",
            "template": [
              {
                "owner": "hieu-ldt",
                "repository": "some_template"
              }
            ],
            "topics": null,
            "visibility": "public",
            "vulnerability_alerts": false
          },
          "sensitive_attributes": [],
          "private": "bnVsbA=="
        }
      ]
    }
  ]
}
