{
  "version": 4,
  "terraform_version": "1.0.8",
  "serial": 76,
  "lineage": "10b6ad49-1b6a-b9b0-2627-c3975dcb4a5b",
  "outputs": {
    "ghi": {
      "value": {
        "disney_repo.team_1": {
          "repo_name": "disney_repo",
          "teams": "team_1",
          "template_name": ""
        },
        "disney_repo.team_2": {
          "repo_name": "disney_repo",
          "teams": "team_2",
          "template_name": ""
        },
        "marvel_repo.team_1": {
          "repo_name": "marvel_repo",
          "teams": "team_1",
          "template_name": "some_template"
        }
      },
      "type": [
        "object",
        {
          "disney_repo.team_1": [
            "object",
            {
              "repo_name": "string",
              "teams": "string",
              "template_name": "string"
            }
          ],
          "disney_repo.team_2": [
            "object",
            {
              "repo_name": "string",
              "teams": "string",
              "template_name": "string"
            }
          ],
          "marvel_repo.team_1": [
            "object",
            {
              "repo_name": "string",
              "teams": "string",
              "template_name": "string"
            }
          ]
        }
      ]
    },
    "lmn": {
      "value": {
        "disney_repo.team_1": {
          "repo_name": "disney_repo",
          "teams": "team_1",
          "template_name": ""
        },
        "disney_repo.team_2": {
          "repo_name": "disney_repo",
          "teams": "team_2",
          "template_name": ""
        },
        "marvel_repo.team_1": {
          "repo_name": "marvel_repo",
          "teams": "team_1",
          "template_name": "some_template"
        }
      },
      "type": [
        "object",
        {
          "disney_repo.team_1": [
            "object",
            {
              "repo_name": "string",
              "teams": "string",
              "template_name": "string"
            }
          ],
          "disney_repo.team_2": [
            "object",
            {
              "repo_name": "string",
              "teams": "string",
              "template_name": "string"
            }
          ],
          "marvel_repo.team_1": [
            "object",
            {
              "repo_name": "string",
              "teams": "string",
              "template_name": "string"
            }
          ]
        }
      ]
    },
    "repo_attributes": {
      "value": [
        {
          "repo_name": "disney_repo",
          "teams": "team_1",
          "template_name": ""
        },
        {
          "repo_name": "disney_repo",
          "teams": "team_2",
          "template_name": ""
        },
        {
          "repo_name": "marvel_repo",
          "teams": "team_1",
          "template_name": "some_template"
        }
      ],
      "type": [
        "tuple",
        [
          [
            "object",
            {
              "repo_name": "string",
              "teams": "string",
              "template_name": "string"
            }
          ],
          [
            "object",
            {
              "repo_name": "string",
              "teams": "string",
              "template_name": "string"
            }
          ],
          [
            "object",
            {
              "repo_name": "string",
              "teams": "string",
              "template_name": "string"
            }
          ]
        ]
      ]
    }
  },
  "resources": [
    {
      "mode": "managed",
      "type": "github_repository",
      "name": "this",
      "provider": "provider[\"registry.terraform.io/integrations/github\"]",
      "instances": [
        {
          "schema_version": 0,
          "attributes": {
            "allow_auto_merge": false,
            "allow_merge_commit": true,
            "allow_rebase_merge": true,
            "allow_squash_merge": true,
            "archive_on_destroy": null,
            "archived": false,
            "auto_init": false,
            "default_branch": "main",
            "delete_branch_on_merge": false,
            "description": "",
            "etag": "W/\"d2c40141990db44c0634f3467bcc7ec35f5f26cdd3a167a7de8b832a54ac6c20\"",
            "full_name": "hieu-ldt/imported_repo",
            "git_clone_url": "git://github.com/hieu-ldt/imported_repo.git",
            "gitignore_template": null,
            "has_downloads": true,
            "has_issues": true,
            "has_projects": true,
            "has_wiki": true,
            "homepage_url": "",
            "html_url": "https://github.com/hieu-ldt/imported_repo",
            "http_clone_url": "https://github.com/hieu-ldt/imported_repo.git",
            "id": "imported_repo",
            "is_template": false,
            "license_template": null,
            "name": "imported_repo",
            "node_id": "R_kgDOGZhvgg",
            "pages": [],
            "private": false,
            "repo_id": 429420418,
            "ssh_clone_url": "git@github.com:hieu-ldt/imported_repo.git",
            "svn_url": "https://github.com/hieu-ldt/imported_repo",
            "template": [
              {
                "owner": "hieu-ldt",
                "repository": "blank_template"
              }
            ],
            "topics": [],
            "visibility": "public",
            "vulnerability_alerts": false
          },
          "sensitive_attributes": [],
          "private": "eyJzY2hlbWFfdmVyc2lvbiI6IjAifQ=="
        }
      ]
    }
  ]
}
